
Microsoft Visual Studio Solution File, Format Version 12.00
# Visual Studio 15
VisualStudioVersion = 15.0.28307.1972
MinimumVisualStudioVersion = 10.0.40219.1
Project("{FAE04EC0-301F-11D3-BF4B-00C04F79EFBC}") = "WellnessBookingWebApp", "WellnessBookingWebApp\WellnessBookingWebApp.csproj", "{A3F09E3D-A8AF-47BA-98DD-6F4F971E3E5C}"
EndProject
Global
	GlobalSection(SolutionConfigurationPlatforms) = preSolution
		Debug|Any CPU = Debug|Any CPU
		Release|Any CPU = Release|Any CPU
	EndGlobalSection
	GlobalSection(ProjectConfigurationPlatforms) = postSolution
		{A3F09E3D-A8AF-47BA-98DD-6F4F971E3E5C}.Debug|Any CPU.ActiveCfg = Debug|Any CPU
		{A3F09E3D-A8AF-47BA-98DD-6F4F971E3E5C}.Debug|Any CPU.Build.0 = Debug|Any CPU
		{A3F09E3D-A8AF-47BA-98DD-6F4F971E3E5C}.Release|Any CPU.ActiveCfg = Release|Any CPU
		{A3F09E3D-A8AF-47BA-98DD-6F4F971E3E5C}.Release|Any CPU.Build.0 = Release|Any CPU
	EndGlobalSection
	GlobalSection(SolutionProperties) = preSolution
		HideSolutionNode = FALSE
	EndGlobalSection
	GlobalSection(ExtensibilityGlobals) = postSolution
		SolutionGuid = {2D72CF74-2111-4A62-8B70-4567E438C8BB}
	EndGlobalSection
EndGlobal
